
Microsoft Visual Studio Solution File, Format Version 12.00
# Visual Studio Version 17
VisualStudioVersion = 17.7.34031.279
MinimumVisualStudioVersion = 10.0.40219.1
Project("{9A19103F-16F7-4668-BE54-9A1E7A4F7556}") = "CustomerInvoices", "CustomerInvoices\CustomerInvoices.csproj", "{7886886F-EAB1-4846-9FD2-A4BAE0789F5C}"
EndProject
Project("{FAE04EC0-301F-11D3-BF4B-00C04F79EFBC}") = "CustomerInvoicesTest", "CustomerInvoicesTest\CustomerInvoicesTest.csproj", "{B79EC5A4-C5DA-4247-8265-FCD826BC9A37}"
EndProject
Global
	GlobalSection(SolutionConfigurationPlatforms) = preSolution
		Debug|Any CPU = Debug|Any CPU
		Release|Any CPU = Release|Any CPU
	EndGlobalSection
	GlobalSection(ProjectConfigurationPlatforms) = postSolution
		{7886886F-EAB1-4846-9FD2-A4BAE0789F5C}.Debug|Any CPU.ActiveCfg = Debug|Any CPU
		{7886886F-EAB1-4846-9FD2-A4BAE0789F5C}.Debug|Any CPU.Build.0 = Debug|Any CPU
		{7886886F-EAB1-4846-9FD2-A4BAE0789F5C}.Release|Any CPU.ActiveCfg = Release|Any CPU
		{7886886F-EAB1-4846-9FD2-A4BAE0789F5C}.Release|Any CPU.Build.0 = Release|Any CPU
		{B79EC5A4-C5DA-4247-8265-FCD826BC9A37}.Debug|Any CPU.ActiveCfg = Debug|Any CPU
		{B79EC5A4-C5DA-4247-8265-FCD826BC9A37}.Debug|Any CPU.Build.0 = Debug|Any CPU
		{B79EC5A4-C5DA-4247-8265-FCD826BC9A37}.Release|Any CPU.ActiveCfg = Release|Any CPU
		{B79EC5A4-C5DA-4247-8265-FCD826BC9A37}.Release|Any CPU.Build.0 = Release|Any CPU
	EndGlobalSection
	GlobalSection(SolutionProperties) = preSolution
		HideSolutionNode = FALSE
	EndGlobalSection
	GlobalSection(ExtensibilityGlobals) = postSolution
		SolutionGuid = {5585C5E0-AB12-4654-A24A-8961F9C1D7E3}
	EndGlobalSection
EndGlobal
